// !$*UTF8*$!
{
	archiveVersion = 1;
	classes = {
	};
	objectVersion = 55;
	objects = {

/* Begin PBXBuildFile section */
		84BCBB7B27996BCC00957953 /* AppDelegate.swift in Sources */ = {isa = PBXBuildFile; fileRef = 84BCBB7A27996BCC00957953 /* AppDelegate.swift */; };
		84BCBB7D27996BCC00957953 /* SceneDelegate.swift in Sources */ = {isa = PBXBuildFile; fileRef = 84BCBB7C27996BCC00957953 /* SceneDelegate.swift */; };
		84BCBB7F27996BCC00957953 /* ViewController.swift in Sources */ = {isa = PBXBuildFile; fileRef = 84BCBB7E27996BCC00957953 /* ViewController.swift */; };
		84BCBB8227996BCC00957953 /* Main.storyboard in Resources */ = {isa = PBXBuildFile; fileRef = 84BCBB8027996BCC00957953 /* Main.storyboard */; };
		84BCBB8427996BD000957953 /* Assets.xcassets in Resources */ = {isa = PBXBuildFile; fileRef = 84BCBB8327996BD000957953 /* Assets.xcassets */; };
		84BCBB8727996BD000957953 /* LaunchScreen.storyboard in Resources */ = {isa = PBXBuildFile; fileRef = 84BCBB8527996BD000957953 /* LaunchScreen.storyboard */; };
		84BCBB9227996BD000957953 /* PropertyAnimatorTests.swift in Sources */ = {isa = PBXBuildFile; fileRef = 84BCBB9127996BD000957953 /* PropertyAnimatorTests.swift */; };
		84BCBB9C27996BD000957953 /* PropertyAnimatorUITests.swift in Sources */ = {isa = PBXBuildFile; fileRef = 84BCBB9B27996BD000957953 /* PropertyAnimatorUITests.swift */; };
		84BCBB9E27996BD000957953 /* PropertyAnimatorUITestsLaunchTests.swift in Sources */ = {isa = PBXBuildFile; fileRef = 84BCBB9D27996BD000957953 /* PropertyAnimatorUITestsLaunchTests.swift */; };
/* End PBXBuildFile section */

/* Begin PBXContainerItemProxy section */
		84BCBB8E27996BD000957953 /* PBXContainerItemProxy */ = {
			isa = PBXContainerItemProxy;
			containerPortal = 84BCBB6F27996BCC00957953 /* Project object */;
			proxyType = 1;
			remoteGlobalIDString = 84BCBB7627996BCC00957953;
			remoteInfo = PropertyAnimator;
		};
		84BCBB9827996BD000957953 /* PBXContainerItemProxy */ = {
			isa = PBXContainerItemProxy;
			containerPortal = 84BCBB6F27996BCC00957953 /* Project object */;
			proxyType = 1;
			remoteGlobalIDString = 84BCBB7627996BCC00957953;
			remoteInfo = PropertyAnimator;
		};
/* End PBXContainerItemProxy section */

/* Begin PBXFileReference section */
		84BCBB7727996BCC00957953 /* PropertyAnimator.app */ = {isa = PBXFileReference; explicitFileType = wrapper.application; includeInIndex = 0; path = PropertyAnimator.app; sourceTree = BUILT_PRODUCTS_DIR; };
		84BCBB7A27996BCC00957953 /* AppDelegate.swift */ = {isa = PBXFileReference; lastKnownFileType = sourcecode.swift; path = AppDelegate.swift; sourceTree = "<group>"; };
		84BCBB7C27996BCC00957953 /* SceneDelegate.swift */ = {isa = PBXFileReference; lastKnownFileType = sourcecode.swift; path = SceneDelegate.swift; sourceTree = "<group>"; };
		84BCBB7E27996BCC00957953 /* ViewController.swift */ = {isa = PBXFileReference; lastKnownFileType = sourcecode.swift; path = ViewController.swift; sourceTree = "<group>"; };
		84BCBB8127996BCC00957953 /* Base */ = {isa = PBXFileReference; lastKnownFileType = file.storyboard; name = Base; path = Base.lproj/Main.storyboard; sourceTree = "<group>"; };
		84BCBB8327996BD000957953 /* Assets.xcassets */ = {isa = PBXFileReference; lastKnownFileType = folder.assetcatalog; path = Assets.xcassets; sourceTree = "<group>"; };
		84BCBB8627996BD000957953 /* Base */ = {isa = PBXFileReference; lastKnownFileType = file.storyboard; name = Base; path = Base.lproj/LaunchScreen.storyboard; sourceTree = "<group>"; };
		84BCBB8827996BD000957953 /* Info.plist */ = {isa = PBXFileReference; lastKnownFileType = text.plist.xml; path = Info.plist; sourceTree = "<group>"; };
		84BCBB8D27996BD000957953 /* PropertyAnimatorTests.xctest */ = {isa = PBXFileReference; explicitFileType = wrapper.cfbundle; includeInIndex = 0; path = PropertyAnimatorTests.xctest; sourceTree = BUILT_PRODUCTS_DIR; };
		84BCBB9127996BD000957953 /* PropertyAnimatorTests.swift */ = {isa = PBXFileReference; lastKnownFileType = sourcecode.swift; path = PropertyAnimatorTests.swift; sourceTree = "<group>"; };
		84BCBB9727996BD000957953 /* PropertyAnimatorUITests.xctest */ = {isa = PBXFileReference; explicitFileType = wrapper.cfbundle; includeInIndex = 0; path = PropertyAnimatorUITests.xctest; sourceTree = BUILT_PRODUCTS_DIR; };
		84BCBB9B27996BD000957953 /* PropertyAnimatorUITests.swift */ = {isa = PBXFileReference; lastKnownFileType = sourcecode.swift; path = PropertyAnimatorUITests.swift; sourceTree = "<group>"; };
		84BCBB9D27996BD000957953 /* PropertyAnimatorUITestsLaunchTests.swift */ = {isa = PBXFileReference; lastKnownFileType = sourcecode.swift; path = PropertyAnimatorUITestsLaunchTests.swift; sourceTree = "<group>"; };
/* End PBXFileReference section */

/* Begin PBXFrameworksBuildPhase section */
		84BCBB7427996BCC00957953 /* Frameworks */ = {
			isa = PBXFrameworksBuildPhase;
			buildActionMask = 2147483647;
			files = (
			);
			runOnlyForDeploymentPostprocessing = 0;
		};
		84BCBB8A27996BD000957953 /* Frameworks */ = {
			isa = PBXFrameworksBuildPhase;
			buildActionMask = 2147483647;
			files = (
			);
			runOnlyForDeploymentPostprocessing = 0;
		};
		84BCBB9427996BD000957953 /* Frameworks */ = {
			isa = PBXFrameworksBuildPhase;
			buildActionMask = 2147483647;
			files = (
			);
			runOnlyForDeploymentPostprocessing = 0;
		};
/* End PBXFrameworksBuildPhase section */

/* Begin PBXGroup section */
		84BCBB6E27996BCC00957953 = {
			isa = PBXGroup;
			children = (
				84BCBB7927996BCC00957953 /* PropertyAnimator */,
				84BCBB9027996BD000957953 /* PropertyAnimatorTests */,
				84BCBB9A27996BD000957953 /* PropertyAnimatorUITests */,
				84BCBB7827996BCC00957953 /* Products */,
			);
			sourceTree = "<group>";
		};
		84BCBB7827996BCC00957953 /* Products */ = {
			isa = PBXGroup;
			children = (
				84BCBB7727996BCC00957953 /* PropertyAnimator.app */,
				84BCBB8D27996BD000957953 /* PropertyAnimatorTests.xctest */,
				84BCBB9727996BD000957953 /* PropertyAnimatorUITests.xctest */,
			);
			name = Products;
			sourceTree = "<group>";
		};
		84BCBB7927996BCC00957953 /* PropertyAnimator */ = {
			isa = PBXGroup;
			children = (
				84BCBB7A27996BCC00957953 /* AppDelegate.swift */,
				84BCBB7C27996BCC00957953 /* SceneDelegate.swift */,
				84BCBB7E27996BCC00957953 /* ViewController.swift */,
				84BCBB8027996BCC00957953 /* Main.storyboard */,
				84BCBB8327996BD000957953 /* Assets.xcassets */,
				84BCBB8527996BD000957953 /* LaunchScreen.storyboard */,
				84BCBB8827996BD000957953 /* Info.plist */,
			);
			path = PropertyAnimator;
			sourceTree = "<group>";
		};
		84BCBB9027996BD000957953 /* PropertyAnimatorTests */ = {
			isa = PBXGroup;
			children = (
				84BCBB9127996BD000957953 /* PropertyAnimatorTests.swift */,
			);
			path = PropertyAnimatorTests;
			sourceTree = "<group>";
		};
		84BCBB9A27996BD000957953 /* PropertyAnimatorUITests */ = {
			isa = PBXGroup;
			children = (
				84BCBB9B27996BD000957953 /* PropertyAnimatorUITests.swift */,
				84BCBB9D27996BD000957953 /* PropertyAnimatorUITestsLaunchTests.swift */,
			);
			path = PropertyAnimatorUITests;
			sourceTree = "<group>";
		};
/* End PBXGroup section */

/* Begin PBXNativeTarget section */
		84BCBB7627996BCC00957953 /* PropertyAnimator */ = {
			isa = PBXNativeTarget;
			buildConfigurationList = 84BCBBA127996BD000957953 /* Build configuration list for PBXNativeTarget "PropertyAnimator" */;
			buildPhases = (
				84BCBB7327996BCC00957953 /* Sources */,
				84BCBB7427996BCC00957953 /* Frameworks */,
				84BCBB7527996BCC00957953 /* Resources */,
			);
			buildRules = (
			);
			dependencies = (
			);
			name = PropertyAnimator;
			productName = PropertyAnimator;
			productReference = 84BCBB7727996BCC00957953 /* PropertyAnimator.app */;
			productType = "com.apple.product-type.application";
		};
		84BCBB8C27996BD000957953 /* PropertyAnimatorTests */ = {
			isa = PBXNativeTarget;
			buildConfigurationList = 84BCBBA427996BD000957953 /* Build configuration list for PBXNativeTarget "PropertyAnimatorTests" */;
			buildPhases = (
				84BCBB8927996BD000957953 /* Sources */,
				84BCBB8A27996BD000957953 /* Frameworks */,
				84BCBB8B27996BD000957953 /* Resources */,
			);
			buildRules = (
			);
			dependencies = (
				84BCBB8F27996BD000957953 /* PBXTargetDependency */,
			);
			name = PropertyAnimatorTests;
			productName = PropertyAnimatorTests;
			productReference = 84BCBB8D27996BD000957953 /* PropertyAnimatorTests.xctest */;
			productType = "com.apple.product-type.bundle.unit-test";
		};
		84BCBB9627996BD000957953 /* PropertyAnimatorUITests */ = {
			isa = PBXNativeTarget;
			buildConfigurationList = 84BCBBA727996BD000957953 /* Build configuration list for PBXNativeTarget "PropertyAnimatorUITests" */;
			buildPhases = (
				84BCBB9327996BD000957953 /* Sources */,
				84BCBB9427996BD000957953 /* Frameworks */,
				84BCBB9527996BD000957953 /* Resources */,
			);
			buildRules = (
			);
			dependencies = (
				84BCBB9927996BD000957953 /* PBXTargetDependency */,
			);
			name = PropertyAnimatorUITests;
			productName = PropertyAnimatorUITests;
			productReference = 84BCBB9727996BD000957953 /* PropertyAnimatorUITests.xctest */;
			productType = "com.apple.product-type.bundle.ui-testing";
		};
/* End PBXNativeTarget section */

/* Begin PBXProject section */
		84BCBB6F27996BCC00957953 /* Project object */ = {
			isa = PBXProject;
			attributes = {
				BuildIndependentTargetsInParallel = 1;
				LastSwiftUpdateCheck = 1300;
				LastUpgradeCheck = 1300;
				TargetAttributes = {
					84BCBB7627996BCC00957953 = {
						CreatedOnToolsVersion = 13.0;
					};
					84BCBB8C27996BD000957953 = {
						CreatedOnToolsVersion = 13.0;
						TestTargetID = 84BCBB7627996BCC00957953;
					};
					84BCBB9627996BD000957953 = {
						CreatedOnToolsVersion = 13.0;
						TestTargetID = 84BCBB7627996BCC00957953;
					};
				};
			};
			buildConfigurationList = 84BCBB7227996BCC00957953 /* Build configuration list for PBXProject "PropertyAnimator" */;
			compatibilityVersion = "Xcode 13.0";
			developmentRegion = en;
			hasScannedForEncodings = 0;
			knownRegions = (
				en,
				Base,
			);
			mainGroup = 84BCBB6E27996BCC00957953;
			productRefGroup = 84BCBB7827996BCC00957953 /* Products */;
			projectDirPath = "";
			projectRoot = "";
			targets = (
				84BCBB7627996BCC00957953 /* PropertyAnimator */,
				84BCBB8C27996BD000957953 /* PropertyAnimatorTests */,
				84BCBB9627996BD000957953 /* PropertyAnimatorUITests */,
			);
		};
/* End PBXProject section */

/* Begin PBXResourcesBuildPhase section */
		84BCBB7527996BCC00957953 /* Resources */ = {
			isa = PBXResourcesBuildPhase;
			buildActionMask = 2147483647;
			files = (
				84BCBB8727996BD000957953 /* LaunchScreen.storyboard in Resources */,
				84BCBB8427996BD000957953 /* Assets.xcassets in Resources */,
				84BCBB8227996BCC00957953 /* Main.storyboard in Resources */,
			);
			runOnlyForDeploymentPostprocessing = 0;
		};
		84BCBB8B27996BD000957953 /* Resources */ = {
			isa = PBXResourcesBuildPhase;
			buildActionMask = 2147483647;
			files = (
			);
			runOnlyForDeploymentPostprocessing = 0;
		};
		84BCBB9527996BD000957953 /* Resources */ = {
			isa = PBXResourcesBuildPhase;
			buildActionMask = 2147483647;
			files = (
			);
			runOnlyForDeploymentPostprocessing = 0;
		};
/* End PBXResourcesBuildPhase section */

/* Begin PBXSourcesBuildPhase section */
		84BCBB7327996BCC00957953 /* Sources */ = {
			isa = PBXSourcesBuildPhase;
			buildActionMask = 2147483647;
			files = (
				84BCBB7F27996BCC00957953 /* ViewController.swift in Sources */,
				84BCBB7B27996BCC00957953 /* AppDelegate.swift in Sources */,
				84BCBB7D27996BCC00957953 /* SceneDelegate.swift in Sources */,
			);
			runOnlyForDeploymentPostprocessing = 0;
		};
		84BCBB8927996BD000957953 /* Sources */ = {
			isa = PBXSourcesBuildPhase;
			buildActionMask = 2147483647;
			files = (
				84BCBB9227996BD000957953 /* PropertyAnimatorTests.swift in Sources */,
			);
			runOnlyForDeploymentPostprocessing = 0;
		};
		84BCBB9327996BD000957953 /* Sources */ = {
			isa = PBXSourcesBuildPhase;
			buildActionMask = 2147483647;
			files = (
				84BCBB9E27996BD000957953 /* PropertyAnimatorUITestsLaunchTests.swift in Sources */,
				84BCBB9C27996BD000957953 /* PropertyAnimatorUITests.swift in Sources */,
			);
			runOnlyForDeploymentPostprocessing = 0;
		};
/* End PBXSourcesBuildPhase section */

/* Begin PBXTargetDependency section */
		84BCBB8F27996BD000957953 /* PBXTargetDependency */ = {
			isa = PBXTargetDependency;
			target = 84BCBB7627996BCC00957953 /* PropertyAnimator */;
			targetProxy = 84BCBB8E27996BD000957953 /* PBXContainerItemProxy */;
		};
		84BCBB9927996BD000957953 /* PBXTargetDependency */ = {
			isa = PBXTargetDependency;
			target = 84BCBB7627996BCC00957953 /* PropertyAnimator */;
			targetProxy = 84BCBB9827996BD000957953 /* PBXContainerItemProxy */;
		};
/* End PBXTargetDependency section */

/* Begin PBXVariantGroup section */
		84BCBB8027996BCC00957953 /* Main.storyboard */ = {
			isa = PBXVariantGroup;
			children = (
				84BCBB8127996BCC00957953 /* Base */,
			);
			name = Main.storyboard;
			sourceTree = "<group>";
		};
		84BCBB8527996BD000957953 /* LaunchScreen.storyboard */ = {
			isa = PBXVariantGroup;
			children = (
				84BCBB8627996BD000957953 /* Base */,
			);
			name = LaunchScreen.storyboard;
			sourceTree = "<group>";
		};
/* End PBXVariantGroup section */

/* Begin XCBuildConfiguration section */
		84BCBB9F27996BD000957953 /* Debug */ = {
			isa = XCBuildConfiguration;
			buildSettings = {
				ALWAYS_SEARCH_USER_PATHS = NO;
				CLANG_ANALYZER_NONNULL = YES;
				CLANG_ANALYZER_NUMBER_OBJECT_CONVERSION = YES_AGGRESSIVE;
				CLANG_CXX_LANGUAGE_STANDARD = "gnu++17";
				CLANG_CXX_LIBRARY = "libc++";
				CLANG_ENABLE_MODULES = YES;
				CLANG_ENABLE_OBJC_ARC = YES;
				CLANG_ENABLE_OBJC_WEAK = YES;
				CLANG_WARN_BLOCK_CAPTURE_AUTORELEASING = YES;
				CLANG_WARN_BOOL_CONVERSION = YES;
				CLANG_WARN_COMMA = YES;
				CLANG_WARN_CONSTANT_CONVERSION = YES;
				CLANG_WARN_DEPRECATED_OBJC_IMPLEMENTATIONS = YES;
				CLANG_WARN_DIRECT_OBJC_ISA_USAGE = YES_ERROR;
				CLANG_WARN_DOCUMENTATION_COMMENTS = YES;
				CLANG_WARN_EMPTY_BODY = YES;
				CLANG_WARN_ENUM_CONVERSION = YES;
				CLANG_WARN_INFINITE_RECURSION = YES;
				CLANG_WARN_INT_CONVERSION = YES;
				CLANG_WARN_NON_LITERAL_NULL_CONVERSION = YES;
				CLANG_WARN_OBJC_IMPLICIT_RETAIN_SELF = YES;
				CLANG_WARN_OBJC_LITERAL_CONVERSION = YES;
				CLANG_WARN_OBJC_ROOT_CLASS = YES_ERROR;
				CLANG_WARN_QUOTED_INCLUDE_IN_FRAMEWORK_HEADER = YES;
				CLANG_WARN_RANGE_LOOP_ANALYSIS = YES;
				CLANG_WARN_STRICT_PROTOTYPES = YES;
				CLANG_WARN_SUSPICIOUS_MOVE = YES;
				CLANG_WARN_UNGUARDED_AVAILABILITY = YES_AGGRESSIVE;
				CLANG_WARN_UNREACHABLE_CODE = YES;
				CLANG_WARN__DUPLICATE_METHOD_MATCH = YES;
				COPY_PHASE_STRIP = NO;
				DEBUG_INFORMATION_FORMAT = dwarf;
				ENABLE_STRICT_OBJC_MSGSEND = YES;
				ENABLE_TESTABILITY = YES;
				GCC_C_LANGUAGE_STANDARD = gnu11;
				GCC_DYNAMIC_NO_PIC = NO;
				GCC_NO_COMMON_BLOCKS = YES;
				GCC_OPTIMIZATION_LEVEL = 0;
				GCC_PREPROCESSOR_DEFINITIONS = (
					"DEBUG=1",
					"$(inherited)",
				);
				GCC_WARN_64_TO_32_BIT_CONVERSION = YES;
				GCC_WARN_ABOUT_RETURN_TYPE = YES_ERROR;
				GCC_WARN_UNDECLARED_SELECTOR = YES;
				GCC_WARN_UNINITIALIZED_AUTOS = YES_AGGRESSIVE;
				GCC_WARN_UNUSED_FUNCTION = YES;
				GCC_WARN_UNUSED_VARIABLE = YES;
				IPHONEOS_DEPLOYMENT_TARGET = 15.0;
				MTL_ENABLE_DEBUG_INFO = INCLUDE_SOURCE;
				MTL_FAST_MATH = YES;
				ONLY_ACTIVE_ARCH = YES;
				SDKROOT = iphoneos;
				SWIFT_ACTIVE_COMPILATION_CONDITIONS = DEBUG;
				SWIFT_OPTIMIZATION_LEVEL = "-Onone";
			};
			name = Debug;
		};
		84BCBBA027996BD000957953 /* Release */ = {
			isa = XCBuildConfiguration;
			buildSettings = {
				ALWAYS_SEARCH_USER_PATHS = NO;
				CLANG_ANALYZER_NONNULL = YES;
				CLANG_ANALYZER_NUMBER_OBJECT_CONVERSION = YES_AGGRESSIVE;
				CLANG_CXX_LANGUAGE_STANDARD = "gnu++17";
				CLANG_CXX_LIBRARY = "libc++";
				CLANG_ENABLE_MODULES = YES;
				CLANG_ENABLE_OBJC_ARC = YES;
				CLANG_ENABLE_OBJC_WEAK = YES;
				CLANG_WARN_BLOCK_CAPTURE_AUTORELEASING = YES;
				CLANG_WARN_BOOL_CONVERSION = YES;
				CLANG_WARN_COMMA = YES;
				CLANG_WARN_CONSTANT_CONVERSION = YES;
				CLANG_WARN_DEPRECATED_OBJC_IMPLEMENTATIONS = YES;
				CLANG_WARN_DIRECT_OBJC_ISA_USAGE = YES_ERROR;
				CLANG_WARN_DOCUMENTATION_COMMENTS = YES;
				CLANG_WARN_EMPTY_BODY = YES;
				CLANG_WARN_ENUM_CONVERSION = YES;
				CLANG_WARN_INFINITE_RECURSION = YES;
				CLANG_WARN_INT_CONVERSION = YES;
				CLANG_WARN_NON_LITERAL_NULL_CONVERSION = YES;
				CLANG_WARN_OBJC_IMPLICIT_RETAIN_SELF = YES;
				CLANG_WARN_OBJC_LITERAL_CONVERSION = YES;
				CLANG_WARN_OBJC_ROOT_CLASS = YES_ERROR;
				CLANG_WARN_QUOTED_INCLUDE_IN_FRAMEWORK_HEADER = YES;
				CLANG_WARN_RANGE_LOOP_ANALYSIS = YES;
				CLANG_WARN_STRICT_PROTOTYPES = YES;
				CLANG_WARN_SUSPICIOUS_MOVE = YES;
				CLANG_WARN_UNGUARDED_AVAILABILITY = YES_AGGRESSIVE;
				CLANG_WARN_UNREACHABLE_CODE = YES;
				CLANG_WARN__DUPLICATE_METHOD_MATCH = YES;
				COPY_PHASE_STRIP = NO;
				DEBUG_INFORMATION_FORMAT = "dwarf-with-dsym";
				ENABLE_NS_ASSERTIONS = NO;
				ENABLE_STRICT_OBJC_MSGSEND = YES;
				GCC_C_LANGUAGE_STANDARD = gnu11;
				GCC_NO_COMMON_BLOCKS = YES;
				GCC_WARN_64_TO_32_BIT_CONVERSION = YES;
				GCC_WARN_ABOUT_RETURN_TYPE = YES_ERROR;
				GCC_WARN_UNDECLARED_SELECTOR = YES;
				GCC_WARN_UNINITIALIZED_AUTOS = YES_AGGRESSIVE;
				GCC_WARN_UNUSED_FUNCTION = YES;
				GCC_WARN_UNUSED_VARIABLE = YES;
				IPHONEOS_DEPLOYMENT_TARGET = 15.0;
				MTL_ENABLE_DEBUG_INFO = NO;
				MTL_FAST_MATH = YES;
				SDKROOT = iphoneos;
				SWIFT_COMPILATION_MODE = wholemodule;
				SWIFT_OPTIMIZATION_LEVEL = "-O";
				VALIDATE_PRODUCT = YES;
			};
			name = Release;
		};
		84BCBBA227996BD000957953 /* Debug */ = {
			isa = XCBuildConfiguration;
			buildSettings = {
				ASSETCATALOG_COMPILER_APPICON_NAME = AppIcon;
				ASSETCATALOG_COMPILER_GLOBAL_ACCENT_COLOR_NAME = AccentColor;
				CODE_SIGN_STYLE = Automatic;
				CURRENT_PROJECT_VERSION = 1;
				GENERATE_INFOPLIST_FILE = YES;
				INFOPLIST_FILE = PropertyAnimator/Info.plist;
				INFOPLIST_KEY_UIApplicationSupportsIndirectInputEvents = YES;
				INFOPLIST_KEY_UILaunchStoryboardName = LaunchScreen;
				INFOPLIST_KEY_UIMainStoryboardFile = Main;
				INFOPLIST_KEY_UISupportedInterfaceOrientations_iPad = "UIInterfaceOrientationPortrait UIInterfaceOrientationPortraitUpsideDown UIInterfaceOrientationLandscapeLeft UIInterfaceOrientationLandscapeRight";
				INFOPLIST_KEY_UISupportedInterfaceOrientations_iPhone = "UIInterfaceOrientationPortrait UIInterfaceOrientationLandscapeLeft UIInterfaceOrientationLandscapeRight";
				LD_RUNPATH_SEARCH_PATHS = (
					"$(inherited)",
					"@executable_path/Frameworks",
				);
				MARKETING_VERSION = 1.0;
				PRODUCT_BUNDLE_IDENTIFIER = ArrafasApp.PropertyAnimator;
				PRODUCT_NAME = "$(TARGET_NAME)";
				SWIFT_EMIT_LOC_STRINGS = YES;
				SWIFT_VERSION = 5.0;
				TARGETED_DEVICE_FAMILY = "1,2";
			};
			name = Debug;
		};
		84BCBBA327996BD000957953 /* Release */ = {
			isa = XCBuildConfiguration;
			buildSettings = {
				ASSETCATALOG_COMPILER_APPICON_NAME = AppIcon;
				ASSETCATALOG_COMPILER_GLOBAL_ACCENT_COLOR_NAME = AccentColor;
				CODE_SIGN_STYLE = Automatic;
				CURRENT_PROJECT_VERSION = 1;
				GENERATE_INFOPLIST_FILE = YES;
				INFOPLIST_FILE = PropertyAnimator/Info.plist;
				INFOPLIST_KEY_UIApplicationSupportsIndirectInputEvents = YES;
				INFOPLIST_KEY_UILaunchStoryboardName = LaunchScreen;
				INFOPLIST_KEY_UIMainStoryboardFile = Main;
				INFOPLIST_KEY_UISupportedInterfaceOrientations_iPad = "UIInterfaceOrientationPortrait UIInterfaceOrientationPortraitUpsideDown UIInterfaceOrientationLandscapeLeft UIInterfaceOrientationLandscapeRight";
				INFOPLIST_KEY_UISupportedInterfaceOrientations_iPhone = "UIInterfaceOrientationPortrait UIInterfaceOrientationLandscapeLeft UIInterfaceOrientationLandscapeRight";
				LD_RUNPATH_SEARCH_PATHS = (
					"$(inherited)",
					"@executable_path/Frameworks",
				);
				MARKETING_VERSION = 1.0;
				PRODUCT_BUNDLE_IDENTIFIER = ArrafasApp.PropertyAnimator;
				PRODUCT_NAME = "$(TARGET_NAME)";
				SWIFT_EMIT_LOC_STRINGS = YES;
				SWIFT_VERSION = 5.0;
				TARGETED_DEVICE_FAMILY = "1,2";
			};
			name = Release;
		};
		84BCBBA527996BD000957953 /* Debug */ = {
			isa = XCBuildConfiguration;
			buildSettings = {
				ALWAYS_EMBED_SWIFT_STANDARD_LIBRARIES = YES;
				BUNDLE_LOADER = "$(TEST_HOST)";
				CODE_SIGN_STYLE = Automatic;
				CURRENT_PROJECT_VERSION = 1;
				GENERATE_INFOPLIST_FILE = YES;
				IPHONEOS_DEPLOYMENT_TARGET = 15.0;
				LD_RUNPATH_SEARCH_PATHS = (
					"$(inherited)",
					"@executable_path/Frameworks",
					"@loader_path/Frameworks",
				);
				MARKETING_VERSION = 1.0;
				PRODUCT_BUNDLE_IDENTIFIER = ArrafasApp.PropertyAnimatorTests;
				PRODUCT_NAME = "$(TARGET_NAME)";
				SWIFT_EMIT_LOC_STRINGS = NO;
				SWIFT_VERSION = 5.0;
				TARGETED_DEVICE_FAMILY = "1,2";
				TEST_HOST = "$(BUILT_PRODUCTS_DIR)/PropertyAnimator.app/PropertyAnimator";
			};
			name = Debug;
		};
		84BCBBA627996BD000957953 /* Release */ = {
			isa = XCBuildConfiguration;
			buildSettings = {
				ALWAYS_EMBED_SWIFT_STANDARD_LIBRARIES = YES;
				BUNDLE_LOADER = "$(TEST_HOST)";
				CODE_SIGN_STYLE = Automatic;
				CURRENT_PROJECT_VERSION = 1;
				GENERATE_INFOPLIST_FILE = YES;
				IPHONEOS_DEPLOYMENT_TARGET = 15.0;
				LD_RUNPATH_SEARCH_PATHS = (
					"$(inherited)",
					"@executable_path/Frameworks",
					"@loader_path/Frameworks",
				);
				MARKETING_VERSION = 1.0;
				PRODUCT_BUNDLE_IDENTIFIER = ArrafasApp.PropertyAnimatorTests;
				PRODUCT_NAME = "$(TARGET_NAME)";
				SWIFT_EMIT_LOC_STRINGS = NO;
				SWIFT_VERSION = 5.0;
				TARGETED_DEVICE_FAMILY = "1,2";
				TEST_HOST = "$(BUILT_PRODUCTS_DIR)/PropertyAnimator.app/PropertyAnimator";
			};
			name = Release;
		};
		84BCBBA827996BD000957953 /* Debug */ = {
			isa = XCBuildConfiguration;
			buildSettings = {
				ALWAYS_EMBED_SWIFT_STANDARD_LIBRARIES = YES;
				CODE_SIGN_STYLE = Automatic;
				CURRENT_PROJECT_VERSION = 1;
				GENERATE_INFOPLIST_FILE = YES;
				LD_RUNPATH_SEARCH_PATHS = (
					"$(inherited)",
					"@executable_path/Frameworks",
					"@loader_path/Frameworks",
				);
				MARKETING_VERSION = 1.0;
				PRODUCT_BUNDLE_IDENTIFIER = ArrafasApp.PropertyAnimatorUITests;
				PRODUCT_NAME = "$(TARGET_NAME)";
				SWIFT_EMIT_LOC_STRINGS = NO;
				SWIFT_VERSION = 5.0;
				TARGETED_DEVICE_FAMILY = "1,2";
				TEST_TARGET_NAME = PropertyAnimator;
			};
			name = Debug;
		};
		84BCBBA927996BD000957953 /* Release */ = {
			isa = XCBuildConfiguration;
			buildSettings = {
				ALWAYS_EMBED_SWIFT_STANDARD_LIBRARIES = YES;
				CODE_SIGN_STYLE = Automatic;
				CURRENT_PROJECT_VERSION = 1;
				GENERATE_INFOPLIST_FILE = YES;
				LD_RUNPATH_SEARCH_PATHS = (
					"$(inherited)",
					"@executable_path/Frameworks",
					"@loader_path/Frameworks",
				);
				MARKETING_VERSION = 1.0;
				PRODUCT_BUNDLE_IDENTIFIER = ArrafasApp.PropertyAnimatorUITests;
				PRODUCT_NAME = "$(TARGET_NAME)";
				SWIFT_EMIT_LOC_STRINGS = NO;
				SWIFT_VERSION = 5.0;
				TARGETED_DEVICE_FAMILY = "1,2";
				TEST_TARGET_NAME = PropertyAnimator;
			};
			name = Release;
		};
/* End XCBuildConfiguration section */

/* Begin XCConfigurationList section */
		84BCBB7227996BCC00957953 /* Build configuration list for PBXProject "PropertyAnimator" */ = {
			isa = XCConfigurationList;
			buildConfigurations = (
				84BCBB9F27996BD000957953 /* Debug */,
				84BCBBA027996BD000957953 /* Release */,
			);
			defaultConfigurationIsVisible = 0;
			defaultConfigurationName = Release;
		};
		84BCBBA127996BD000957953 /* Build configuration list for PBXNativeTarget "PropertyAnimator" */ = {
			isa = XCConfigurationList;
			buildConfigurations = (
				84BCBBA227996BD000957953 /* Debug */,
				84BCBBA327996BD000957953 /* Release */,
			);
			defaultConfigurationIsVisible = 0;
			defaultConfigurationName = Release;
		};
		84BCBBA427996BD000957953 /* Build configuration list for PBXNativeTarget "PropertyAnimatorTests" */ = {
			isa = XCConfigurationList;
			buildConfigurations = (
				84BCBBA527996BD000957953 /* Debug */,
				84BCBBA627996BD000957953 /* Release */,
			);
			defaultConfigurationIsVisible = 0;
			defaultConfigurationName = Release;
		};
		84BCBBA727996BD000957953 /* Build configuration list for PBXNativeTarget "PropertyAnimatorUITests" */ = {
			isa = XCConfigurationList;
			buildConfigurations = (
				84BCBBA827996BD000957953 /* Debug */,
				84BCBBA927996BD000957953 /* Release */,
			);
			defaultConfigurationIsVisible = 0;
			defaultConfigurationName = Release;
		};
/* End XCConfigurationList section */
	};
	rootObject = 84BCBB6F27996BCC00957953 /* Project object */;
}
